// !$*UTF8*$!
{
	archiveVersion = 1;
	classes = {
	};
	objectVersion = 77;
	objects = {

/* Begin PBXBuildFile section */
		BB865A872CC54B0700FF2F5A /* RouterServiceProtocol in Frameworks */ = {isa = PBXBuildFile; productRef = BB865A862CC54B0700FF2F5A /* RouterServiceProtocol */; };
		BB865A8B2CC54C0100FF2F5A /* GarageNavigationInterface in Frameworks */ = {isa = PBXBuildFile; productRef = BB865A8A2CC54C0100FF2F5A /* GarageNavigationInterface */; };
		BB865A8F2CC54C0100FF2F5A /* PriceOfferNavigationInterface in Frameworks */ = {isa = PBXBuildFile; productRef = BB865A8E2CC54C0100FF2F5A /* PriceOfferNavigationInterface */; };
		BB865AAD2CC57AAF00FF2F5A /* Assets.xcassets in Resources */ = {isa = PBXBuildFile; fileRef = BB865AA92CC57AAF00FF2F5A /* Assets.xcassets */; };
		BB865AAE2CC57AAF00FF2F5A /* Preview Assets.xcassets in Resources */ = {isa = PBXBuildFile; fileRef = BB865AA72CC57AAF00FF2F5A /* Preview Assets.xcassets */; };
		BBFA03F02CC57BF0009CFC9C /* Garage in Frameworks */ = {isa = PBXBuildFile; productRef = BBFA03EF2CC57BF0009CFC9C /* Garage */; };
		BBFA03F22CC57BF0009CFC9C /* PriceOffer in Frameworks */ = {isa = PBXBuildFile; productRef = BBFA03F12CC57BF0009CFC9C /* PriceOffer */; };
		BBFA03F42CC58182009CFC9C /* AppDelegate.swift in Sources */ = {isa = PBXBuildFile; fileRef = BBFA03F32CC58182009CFC9C /* AppDelegate.swift */; };
		BBFA03F62CC58194009CFC9C /* SceneDelegate.swift in Sources */ = {isa = PBXBuildFile; fileRef = BBFA03F52CC58194009CFC9C /* SceneDelegate.swift */; };
/* End PBXBuildFile section */

/* Begin PBXFileReference section */
		BB865A1F2CC52E9400FF2F5A /* ModuleInterface.app */ = {isa = PBXFileReference; explicitFileType = wrapper.application; includeInIndex = 0; path = ModuleInterface.app; sourceTree = BUILT_PRODUCTS_DIR; };
		BB865AA12CC57AAF00FF2F5A /* Garage */ = {isa = PBXFileReference; lastKnownFileType = wrapper; path = Garage; sourceTree = "<group>"; };
		BB865AA22CC57AAF00FF2F5A /* GarageNavigationInterface */ = {isa = PBXFileReference; lastKnownFileType = wrapper; path = GarageNavigationInterface; sourceTree = "<group>"; };
		BB865AA32CC57AAF00FF2F5A /* PriceOffer */ = {isa = PBXFileReference; lastKnownFileType = wrapper; path = PriceOffer; sourceTree = "<group>"; };
		BB865AA42CC57AAF00FF2F5A /* PriceOfferNavigationInterface */ = {isa = PBXFileReference; lastKnownFileType = wrapper; path = PriceOfferNavigationInterface; sourceTree = "<group>"; };
		BB865AA52CC57AAF00FF2F5A /* RouterServiceProtocol */ = {isa = PBXFileReference; lastKnownFileType = wrapper; path = RouterServiceProtocol; sourceTree = "<group>"; };
		BB865AA72CC57AAF00FF2F5A /* Preview Assets.xcassets */ = {isa = PBXFileReference; lastKnownFileType = folder.assetcatalog; path = "Preview Assets.xcassets"; sourceTree = "<group>"; };
		BB865AA92CC57AAF00FF2F5A /* Assets.xcassets */ = {isa = PBXFileReference; lastKnownFileType = folder.assetcatalog; path = Assets.xcassets; sourceTree = "<group>"; };
		BBFA03F32CC58182009CFC9C /* AppDelegate.swift */ = {isa = PBXFileReference; lastKnownFileType = sourcecode.swift; path = AppDelegate.swift; sourceTree = "<group>"; };
		BBFA03F52CC58194009CFC9C /* SceneDelegate.swift */ = {isa = PBXFileReference; lastKnownFileType = sourcecode.swift; path = SceneDelegate.swift; sourceTree = "<group>"; };
		BBFA03F72CC58328009CFC9C /* Info.plist */ = {isa = PBXFileReference; lastKnownFileType = text.plist; path = Info.plist; sourceTree = "<group>"; };
/* End PBXFileReference section */

/* Begin PBXFrameworksBuildPhase section */
		BB865A1C2CC52E9400FF2F5A /* Frameworks */ = {
			isa = PBXFrameworksBuildPhase;
			buildActionMask = 2147483647;
			files = (
				BB865A872CC54B0700FF2F5A /* RouterServiceProtocol in Frameworks */,
				BBFA03F22CC57BF0009CFC9C /* PriceOffer in Frameworks */,
				BBFA03F02CC57BF0009CFC9C /* Garage in Frameworks */,
				BB865A8B2CC54C0100FF2F5A /* GarageNavigationInterface in Frameworks */,
				BB865A8F2CC54C0100FF2F5A /* PriceOfferNavigationInterface in Frameworks */,
			);
			runOnlyForDeploymentPostprocessing = 0;
		};
/* End PBXFrameworksBuildPhase section */

/* Begin PBXGroup section */
		BB865A162CC52E9400FF2F5A = {
			isa = PBXGroup;
			children = (
				BB865AAC2CC57AAF00FF2F5A /* ModuleInterface */,
				BB865A852CC54B0700FF2F5A /* Frameworks */,
				BB865A202CC52E9400FF2F5A /* Products */,
			);
			sourceTree = "<group>";
		};
		BB865A202CC52E9400FF2F5A /* Products */ = {
			isa = PBXGroup;
			children = (
				BB865A1F2CC52E9400FF2F5A /* ModuleInterface.app */,
			);
			name = Products;
			sourceTree = "<group>";
		};
		BB865A852CC54B0700FF2F5A /* Frameworks */ = {
			isa = PBXGroup;
			children = (
			);
			name = Frameworks;
			sourceTree = "<group>";
		};
		BB865AA62CC57AAF00FF2F5A /* Packages */ = {
			isa = PBXGroup;
			children = (
				BB865AA52CC57AAF00FF2F5A /* RouterServiceProtocol */,
				BB865AA22CC57AAF00FF2F5A /* GarageNavigationInterface */,
				BB865AA42CC57AAF00FF2F5A /* PriceOfferNavigationInterface */,
				BB865AA12CC57AAF00FF2F5A /* Garage */,
				BB865AA32CC57AAF00FF2F5A /* PriceOffer */,
			);
			path = Packages;
			sourceTree = "<group>";
		};
		BB865AA82CC57AAF00FF2F5A /* Preview Content */ = {
			isa = PBXGroup;
			children = (
				BB865AA72CC57AAF00FF2F5A /* Preview Assets.xcassets */,
			);
			path = "Preview Content";
			sourceTree = "<group>";
		};
		BB865AAC2CC57AAF00FF2F5A /* ModuleInterface */ = {
			isa = PBXGroup;
			children = (
				BBFA03F72CC58328009CFC9C /* Info.plist */,
				BB865AA62CC57AAF00FF2F5A /* Packages */,
				BB865AA82CC57AAF00FF2F5A /* Preview Content */,
				BB865AA92CC57AAF00FF2F5A /* Assets.xcassets */,
				BBFA03F32CC58182009CFC9C /* AppDelegate.swift */,
				BBFA03F52CC58194009CFC9C /* SceneDelegate.swift */,
			);
			path = ModuleInterface;
			sourceTree = "<group>";
		};
/* End PBXGroup section */

/* Begin PBXNativeTarget section */
		BB865A1E2CC52E9400FF2F5A /* ModuleInterface */ = {
			isa = PBXNativeTarget;
			buildConfigurationList = BB865A432CC52E9600FF2F5A /* Build configuration list for PBXNativeTarget "ModuleInterface" */;
			buildPhases = (
				BB865A1B2CC52E9400FF2F5A /* Sources */,
				BB865A1C2CC52E9400FF2F5A /* Frameworks */,
				BB865A1D2CC52E9400FF2F5A /* Resources */,
			);
			buildRules = (
			);
			dependencies = (
			);
			name = ModuleInterface;
			packageProductDependencies = (
				BB865A862CC54B0700FF2F5A /* RouterServiceProtocol */,
				BB865A8A2CC54C0100FF2F5A /* GarageNavigationInterface */,
				BB865A8E2CC54C0100FF2F5A /* PriceOfferNavigationInterface */,
				BBFA03EF2CC57BF0009CFC9C /* Garage */,
				BBFA03F12CC57BF0009CFC9C /* PriceOffer */,
			);
			productName = ModuleInterface;
			productReference = BB865A1F2CC52E9400FF2F5A /* ModuleInterface.app */;
			productType = "com.apple.product-type.application";
		};
/* End PBXNativeTarget section */

/* Begin PBXProject section */
		BB865A172CC52E9400FF2F5A /* Project object */ = {
			isa = PBXProject;
			attributes = {
				BuildIndependentTargetsInParallel = 1;
				LastSwiftUpdateCheck = 1600;
				LastUpgradeCheck = 1600;
				TargetAttributes = {
					BB865A1E2CC52E9400FF2F5A = {
						CreatedOnToolsVersion = 16.0;
					};
				};
			};
			buildConfigurationList = BB865A1A2CC52E9400FF2F5A /* Build configuration list for PBXProject "ModuleInterface" */;
			developmentRegion = en;
			hasScannedForEncodings = 0;
			knownRegions = (
				en,
				Base,
			);
			mainGroup = BB865A162CC52E9400FF2F5A;
			minimizedProjectReferenceProxies = 1;
			preferredProjectObjectVersion = 77;
			productRefGroup = BB865A202CC52E9400FF2F5A /* Products */;
			projectDirPath = "";
			projectRoot = "";
			targets = (
				BB865A1E2CC52E9400FF2F5A /* ModuleInterface */,
			);
		};
/* End PBXProject section */

/* Begin PBXResourcesBuildPhase section */
		BB865A1D2CC52E9400FF2F5A /* Resources */ = {
			isa = PBXResourcesBuildPhase;
			buildActionMask = 2147483647;
			files = (
				BB865AAD2CC57AAF00FF2F5A /* Assets.xcassets in Resources */,
				BB865AAE2CC57AAF00FF2F5A /* Preview Assets.xcassets in Resources */,
			);
			runOnlyForDeploymentPostprocessing = 0;
		};
/* End PBXResourcesBuildPhase section */

/* Begin PBXSourcesBuildPhase section */
		BB865A1B2CC52E9400FF2F5A /* Sources */ = {
			isa = PBXSourcesBuildPhase;
			buildActionMask = 2147483647;
			files = (
				BBFA03F42CC58182009CFC9C /* AppDelegate.swift in Sources */,
				BBFA03F62CC58194009CFC9C /* SceneDelegate.swift in Sources */,
			);
			runOnlyForDeploymentPostprocessing = 0;
		};
/* End PBXSourcesBuildPhase section */

/* Begin XCBuildConfiguration section */
		BB865A412CC52E9600FF2F5A /* Debug */ = {
			isa = XCBuildConfiguration;
			buildSettings = {
				ALWAYS_SEARCH_USER_PATHS = NO;
				ASSETCATALOG_COMPILER_GENERATE_SWIFT_ASSET_SYMBOL_EXTENSIONS = YES;
				CLANG_ANALYZER_NONNULL = YES;
				CLANG_ANALYZER_NUMBER_OBJECT_CONVERSION = YES_AGGRESSIVE;
				CLANG_CXX_LANGUAGE_STANDARD = "gnu++20";
				CLANG_ENABLE_MODULES = YES;
				CLANG_ENABLE_OBJC_ARC = YES;
				CLANG_ENABLE_OBJC_WEAK = YES;
				CLANG_WARN_BLOCK_CAPTURE_AUTORELEASING = YES;
				CLANG_WARN_BOOL_CONVERSION = YES;
				CLANG_WARN_COMMA = YES;
				CLANG_WARN_CONSTANT_CONVERSION = YES;
				CLANG_WARN_DEPRECATED_OBJC_IMPLEMENTATIONS = YES;
				CLANG_WARN_DIRECT_OBJC_ISA_USAGE = YES_ERROR;
				CLANG_WARN_DOCUMENTATION_COMMENTS = YES;
				CLANG_WARN_EMPTY_BODY = YES;
				CLANG_WARN_ENUM_CONVERSION = YES;
				CLANG_WARN_INFINITE_RECURSION = YES;
				CLANG_WARN_INT_CONVERSION = YES;
				CLANG_WARN_NON_LITERAL_NULL_CONVERSION = YES;
				CLANG_WARN_OBJC_IMPLICIT_RETAIN_SELF = YES;
				CLANG_WARN_OBJC_LITERAL_CONVERSION = YES;
				CLANG_WARN_OBJC_ROOT_CLASS = YES_ERROR;
				CLANG_WARN_QUOTED_INCLUDE_IN_FRAMEWORK_HEADER = YES;
				CLANG_WARN_RANGE_LOOP_ANALYSIS = YES;
				CLANG_WARN_STRICT_PROTOTYPES = YES;
				CLANG_WARN_SUSPICIOUS_MOVE = YES;
				CLANG_WARN_UNGUARDED_AVAILABILITY = YES_AGGRESSIVE;
				CLANG_WARN_UNREACHABLE_CODE = YES;
				CLANG_WARN__DUPLICATE_METHOD_MATCH = YES;
				COPY_PHASE_STRIP = NO;
				DEBUG_INFORMATION_FORMAT = dwarf;
				ENABLE_STRICT_OBJC_MSGSEND = YES;
				ENABLE_TESTABILITY = YES;
				ENABLE_USER_SCRIPT_SANDBOXING = YES;
				GCC_C_LANGUAGE_STANDARD = gnu17;
				GCC_DYNAMIC_NO_PIC = NO;
				GCC_NO_COMMON_BLOCKS = YES;
				GCC_OPTIMIZATION_LEVEL = 0;
				GCC_PREPROCESSOR_DEFINITIONS = (
					"DEBUG=1",
					"$(inherited)",
				);
				GCC_WARN_64_TO_32_BIT_CONVERSION = YES;
				GCC_WARN_ABOUT_RETURN_TYPE = YES_ERROR;
				GCC_WARN_UNDECLARED_SELECTOR = YES;
				GCC_WARN_UNINITIALIZED_AUTOS = YES_AGGRESSIVE;
				GCC_WARN_UNUSED_FUNCTION = YES;
				GCC_WARN_UNUSED_VARIABLE = YES;
				IPHONEOS_DEPLOYMENT_TARGET = 18.0;
				LOCALIZATION_PREFERS_STRING_CATALOGS = YES;
				MTL_ENABLE_DEBUG_INFO = INCLUDE_SOURCE;
				MTL_FAST_MATH = YES;
				ONLY_ACTIVE_ARCH = YES;
				SDKROOT = iphoneos;
				SWIFT_ACTIVE_COMPILATION_CONDITIONS = "DEBUG $(inherited)";
				SWIFT_OPTIMIZATION_LEVEL = "-Onone";
				SWIFT_VERSION = 6.0;
			};
			name = Debug;
		};
		BB865A422CC52E9600FF2F5A /* Release */ = {
			isa = XCBuildConfiguration;
			buildSettings = {
				ALWAYS_SEARCH_USER_PATHS = NO;
				ASSETCATALOG_COMPILER_GENERATE_SWIFT_ASSET_SYMBOL_EXTENSIONS = YES;
				CLANG_ANALYZER_NONNULL = YES;
				CLANG_ANALYZER_NUMBER_OBJECT_CONVERSION = YES_AGGRESSIVE;
				CLANG_CXX_LANGUAGE_STANDARD = "gnu++20";
				CLANG_ENABLE_MODULES = YES;
				CLANG_ENABLE_OBJC_ARC = YES;
				CLANG_ENABLE_OBJC_WEAK = YES;
				CLANG_WARN_BLOCK_CAPTURE_AUTORELEASING = YES;
				CLANG_WARN_BOOL_CONVERSION = YES;
				CLANG_WARN_COMMA = YES;
				CLANG_WARN_CONSTANT_CONVERSION = YES;
				CLANG_WARN_DEPRECATED_OBJC_IMPLEMENTATIONS = YES;
				CLANG_WARN_DIRECT_OBJC_ISA_USAGE = YES_ERROR;
				CLANG_WARN_DOCUMENTATION_COMMENTS = YES;
				CLANG_WARN_EMPTY_BODY = YES;
				CLANG_WARN_ENUM_CONVERSION = YES;
				CLANG_WARN_INFINITE_RECURSION = YES;
				CLANG_WARN_INT_CONVERSION = YES;
				CLANG_WARN_NON_LITERAL_NULL_CONVERSION = YES;
				CLANG_WARN_OBJC_IMPLICIT_RETAIN_SELF = YES;
				CLANG_WARN_OBJC_LITERAL_CONVERSION = YES;
				CLANG_WARN_OBJC_ROOT_CLASS = YES_ERROR;
				CLANG_WARN_QUOTED_INCLUDE_IN_FRAMEWORK_HEADER = YES;
				CLANG_WARN_RANGE_LOOP_ANALYSIS = YES;
				CLANG_WARN_STRICT_PROTOTYPES = YES;
				CLANG_WARN_SUSPICIOUS_MOVE = YES;
				CLANG_WARN_UNGUARDED_AVAILABILITY = YES_AGGRESSIVE;
				CLANG_WARN_UNREACHABLE_CODE = YES;
				CLANG_WARN__DUPLICATE_METHOD_MATCH = YES;
				COPY_PHASE_STRIP = NO;
				DEBUG_INFORMATION_FORMAT = "dwarf-with-dsym";
				ENABLE_NS_ASSERTIONS = NO;
				ENABLE_STRICT_OBJC_MSGSEND = YES;
				ENABLE_USER_SCRIPT_SANDBOXING = YES;
				GCC_C_LANGUAGE_STANDARD = gnu17;
				GCC_NO_COMMON_BLOCKS = YES;
				GCC_WARN_64_TO_32_BIT_CONVERSION = YES;
				GCC_WARN_ABOUT_RETURN_TYPE = YES_ERROR;
				GCC_WARN_UNDECLARED_SELECTOR = YES;
				GCC_WARN_UNINITIALIZED_AUTOS = YES_AGGRESSIVE;
				GCC_WARN_UNUSED_FUNCTION = YES;
				GCC_WARN_UNUSED_VARIABLE = YES;
				IPHONEOS_DEPLOYMENT_TARGET = 18.0;
				LOCALIZATION_PREFERS_STRING_CATALOGS = YES;
				MTL_ENABLE_DEBUG_INFO = NO;
				MTL_FAST_MATH = YES;
				SDKROOT = iphoneos;
				SWIFT_COMPILATION_MODE = wholemodule;
				SWIFT_VERSION = 6.0;
				VALIDATE_PRODUCT = YES;
			};
			name = Release;
		};
		BB865A442CC52E9600FF2F5A /* Debug */ = {
			isa = XCBuildConfiguration;
			buildSettings = {
				ASSETCATALOG_COMPILER_APPICON_NAME = AppIcon;
				ASSETCATALOG_COMPILER_GLOBAL_ACCENT_COLOR_NAME = AccentColor;
				CODE_SIGN_STYLE = Automatic;
				CURRENT_PROJECT_VERSION = 1;
				DEVELOPMENT_ASSET_PATHS = "\"ModuleInterface/Preview Content\"";
				DEVELOPMENT_TEAM = GW7G7YC46U;
				ENABLE_PREVIEWS = YES;
				GENERATE_INFOPLIST_FILE = YES;
				INFOPLIST_FILE = ModuleInterface/Info.plist;
				INFOPLIST_KEY_UIApplicationSupportsIndirectInputEvents = YES;
				INFOPLIST_KEY_UILaunchScreen_Generation = YES;
				INFOPLIST_KEY_UISupportedInterfaceOrientations_iPad = "UIInterfaceOrientationPortrait UIInterfaceOrientationPortraitUpsideDown UIInterfaceOrientationLandscapeLeft UIInterfaceOrientationLandscapeRight";
				INFOPLIST_KEY_UISupportedInterfaceOrientations_iPhone = "UIInterfaceOrientationPortrait UIInterfaceOrientationLandscapeLeft UIInterfaceOrientationLandscapeRight";
				IPHONEOS_DEPLOYMENT_TARGET = 15.0;
				LD_RUNPATH_SEARCH_PATHS = (
					"$(inherited)",
					"@executable_path/Frameworks",
				);
				MARKETING_VERSION = 1.0;
				PRODUCT_BUNDLE_IDENTIFIER = dev.cemege.ModuleInterface;
				PRODUCT_NAME = "$(TARGET_NAME)";
				SWIFT_EMIT_LOC_STRINGS = YES;
				SWIFT_VERSION = 6.0;
				TARGETED_DEVICE_FAMILY = "1,2";
			};
			name = Debug;
		};
		BB865A452CC52E9600FF2F5A /* Release */ = {
			isa = XCBuildConfiguration;
			buildSettings = {
				ASSETCATALOG_COMPILER_APPICON_NAME = AppIcon;
				ASSETCATALOG_COMPILER_GLOBAL_ACCENT_COLOR_NAME = AccentColor;
				CODE_SIGN_STYLE = Automatic;
				CURRENT_PROJECT_VERSION = 1;
				DEVELOPMENT_ASSET_PATHS = "\"ModuleInterface/Preview Content\"";
				DEVELOPMENT_TEAM = GW7G7YC46U;
				ENABLE_PREVIEWS = YES;
				GENERATE_INFOPLIST_FILE = YES;
				INFOPLIST_FILE = ModuleInterface/Info.plist;
				INFOPLIST_KEY_UIApplicationSupportsIndirectInputEvents = YES;
				INFOPLIST_KEY_UILaunchScreen_Generation = YES;
				INFOPLIST_KEY_UISupportedInterfaceOrientations_iPad = "UIInterfaceOrientationPortrait UIInterfaceOrientationPortraitUpsideDown UIInterfaceOrientationLandscapeLeft UIInterfaceOrientationLandscapeRight";
				INFOPLIST_KEY_UISupportedInterfaceOrientations_iPhone = "UIInterfaceOrientationPortrait UIInterfaceOrientationLandscapeLeft UIInterfaceOrientationLandscapeRight";
				IPHONEOS_DEPLOYMENT_TARGET = 15.0;
				LD_RUNPATH_SEARCH_PATHS = (
					"$(inherited)",
					"@executable_path/Frameworks",
				);
				MARKETING_VERSION = 1.0;
				PRODUCT_BUNDLE_IDENTIFIER = dev.cemege.ModuleInterface;
				PRODUCT_NAME = "$(TARGET_NAME)";
				SWIFT_EMIT_LOC_STRINGS = YES;
				SWIFT_VERSION = 6.0;
				TARGETED_DEVICE_FAMILY = "1,2";
			};
			name = Release;
		};
/* End XCBuildConfiguration section */

/* Begin XCConfigurationList section */
		BB865A1A2CC52E9400FF2F5A /* Build configuration list for PBXProject "ModuleInterface" */ = {
			isa = XCConfigurationList;
			buildConfigurations = (
				BB865A412CC52E9600FF2F5A /* Debug */,
				BB865A422CC52E9600FF2F5A /* Release */,
			);
			defaultConfigurationIsVisible = 0;
			defaultConfigurationName = Release;
		};
		BB865A432CC52E9600FF2F5A /* Build configuration list for PBXNativeTarget "ModuleInterface" */ = {
			isa = XCConfigurationList;
			buildConfigurations = (
				BB865A442CC52E9600FF2F5A /* Debug */,
				BB865A452CC52E9600FF2F5A /* Release */,
			);
			defaultConfigurationIsVisible = 0;
			defaultConfigurationName = Release;
		};
/* End XCConfigurationList section */

/* Begin XCSwiftPackageProductDependency section */
		BB865A862CC54B0700FF2F5A /* RouterServiceProtocol */ = {
			isa = XCSwiftPackageProductDependency;
			productName = RouterServiceProtocol;
		};
		BB865A8A2CC54C0100FF2F5A /* GarageNavigationInterface */ = {
			isa = XCSwiftPackageProductDependency;
			productName = GarageNavigationInterface;
		};
		BB865A8E2CC54C0100FF2F5A /* PriceOfferNavigationInterface */ = {
			isa = XCSwiftPackageProductDependency;
			productName = PriceOfferNavigationInterface;
		};
		BBFA03EF2CC57BF0009CFC9C /* Garage */ = {
			isa = XCSwiftPackageProductDependency;
			productName = Garage;
		};
		BBFA03F12CC57BF0009CFC9C /* PriceOffer */ = {
			isa = XCSwiftPackageProductDependency;
			productName = PriceOffer;
		};
/* End XCSwiftPackageProductDependency section */
	};
	rootObject = BB865A172CC52E9400FF2F5A /* Project object */;
}
